// !$*UTF8*$!
{
	archiveVersion = 1;
	classes = {
	};
	objectVersion = 56;
	objects = {

/* Begin PBXBuildFile section */
		231005022C2D8CD3008D9909 /* NewDebouncer.swift in Sources */ = {isa = PBXBuildFile; fileRef = 231005012C2D8CCF008D9909 /* NewDebouncer.swift */; };
		231005042C2D8FB2008D9909 /* Subscriptions-NotifCenter.swift in Sources */ = {isa = PBXBuildFile; fileRef = 231005032C2D8FAB008D9909 /* Subscriptions-NotifCenter.swift */; };
		233344782C2158E000F10645 /* Subscriptions-Actor.swift in Sources */ = {isa = PBXBuildFile; fileRef = 233344772C2158E000F10645 /* Subscriptions-Actor.swift */; };
		2333447A2C2158ED00F10645 /* Subscriptions-Subject.swift in Sources */ = {isa = PBXBuildFile; fileRef = 233344792C2158ED00F10645 /* Subscriptions-Subject.swift */; };
		2333447C2C2158F800F10645 /* Subscriptions-Published.swift in Sources */ = {isa = PBXBuildFile; fileRef = 2333447B2C2158F800F10645 /* Subscriptions-Published.swift */; };
		2333447E2C215CE000F10645 /* Subscriptions-Stream.swift in Sources */ = {isa = PBXBuildFile; fileRef = 2333447D2C215CE000F10645 /* Subscriptions-Stream.swift */; };
		2347A73D2C209CA1004EB581 /* Subscriptions.swift in Sources */ = {isa = PBXBuildFile; fileRef = 2347A73C2C209CA1004EB581 /* Subscriptions.swift */; };
		236CB0052C2BF00F00C81008 /* Clocks in Frameworks */ = {isa = PBXBuildFile; productRef = 236CB0042C2BF00F00C81008 /* Clocks */; };
		236DCE912C12B97300D6C610 /* TestConcurrencyClubApp.swift in Sources */ = {isa = PBXBuildFile; fileRef = 236DCE902C12B97300D6C610 /* TestConcurrencyClubApp.swift */; };
		236DCE932C12B97300D6C610 /* ContentView.swift in Sources */ = {isa = PBXBuildFile; fileRef = 236DCE922C12B97300D6C610 /* ContentView.swift */; };
		236DCE952C12B97600D6C610 /* Assets.xcassets in Resources */ = {isa = PBXBuildFile; fileRef = 236DCE942C12B97600D6C610 /* Assets.xcassets */; };
		236DCE982C12B97600D6C610 /* Preview Assets.xcassets in Resources */ = {isa = PBXBuildFile; fileRef = 236DCE972C12B97600D6C610 /* Preview Assets.xcassets */; };
		236DCEA22C12B97600D6C610 /* TestConcurrencyClubTests.swift in Sources */ = {isa = PBXBuildFile; fileRef = 236DCEA12C12B97600D6C610 /* TestConcurrencyClubTests.swift */; };
		236DCEAC2C12B97600D6C610 /* TestConcurrencyClubUITests.swift in Sources */ = {isa = PBXBuildFile; fileRef = 236DCEAB2C12B97600D6C610 /* TestConcurrencyClubUITests.swift */; };
		236DCEAE2C12B97600D6C610 /* TestConcurrencyClubUITestsLaunchTests.swift in Sources */ = {isa = PBXBuildFile; fileRef = 236DCEAD2C12B97600D6C610 /* TestConcurrencyClubUITestsLaunchTests.swift */; };
		2376FF7F2C2AB2AB002B30A7 /* Subscriptions-Not.swift in Sources */ = {isa = PBXBuildFile; fileRef = 2376FF7E2C2AB2AB002B30A7 /* Subscriptions-Not.swift */; };
		23FE1D692C20ABE40023E5F3 /* ConcurrencyExtras in Frameworks */ = {isa = PBXBuildFile; productRef = 23FE1D682C20ABE40023E5F3 /* ConcurrencyExtras */; };
		23FE1D6B2C20ABE70023E5F3 /* AsyncAlgorithms in Frameworks */ = {isa = PBXBuildFile; productRef = 23FE1D6A2C20ABE70023E5F3 /* AsyncAlgorithms */; };
/* End PBXBuildFile section */

/* Begin PBXContainerItemProxy section */
		236DCE9E2C12B97600D6C610 /* PBXContainerItemProxy */ = {
			isa = PBXContainerItemProxy;
			containerPortal = 236DCE852C12B97300D6C610 /* Project object */;
			proxyType = 1;
			remoteGlobalIDString = 236DCE8C2C12B97300D6C610;
			remoteInfo = TestConcurrencyClub;
		};
		236DCEA82C12B97600D6C610 /* PBXContainerItemProxy */ = {
			isa = PBXContainerItemProxy;
			containerPortal = 236DCE852C12B97300D6C610 /* Project object */;
			proxyType = 1;
			remoteGlobalIDString = 236DCE8C2C12B97300D6C610;
			remoteInfo = TestConcurrencyClub;
		};
/* End PBXContainerItemProxy section */

/* Begin PBXFileReference section */
		231005012C2D8CCF008D9909 /* NewDebouncer.swift */ = {isa = PBXFileReference; lastKnownFileType = sourcecode.swift; path = NewDebouncer.swift; sourceTree = "<group>"; };
		231005032C2D8FAB008D9909 /* Subscriptions-NotifCenter.swift */ = {isa = PBXFileReference; lastKnownFileType = sourcecode.swift; path = "Subscriptions-NotifCenter.swift"; sourceTree = "<group>"; };
		233344772C2158E000F10645 /* Subscriptions-Actor.swift */ = {isa = PBXFileReference; lastKnownFileType = sourcecode.swift; path = "Subscriptions-Actor.swift"; sourceTree = "<group>"; };
		233344792C2158ED00F10645 /* Subscriptions-Subject.swift */ = {isa = PBXFileReference; lastKnownFileType = sourcecode.swift; path = "Subscriptions-Subject.swift"; sourceTree = "<group>"; };
		2333447B2C2158F800F10645 /* Subscriptions-Published.swift */ = {isa = PBXFileReference; lastKnownFileType = sourcecode.swift; path = "Subscriptions-Published.swift"; sourceTree = "<group>"; };
		2333447D2C215CE000F10645 /* Subscriptions-Stream.swift */ = {isa = PBXFileReference; lastKnownFileType = sourcecode.swift; path = "Subscriptions-Stream.swift"; sourceTree = "<group>"; };
		2347A73C2C209CA1004EB581 /* Subscriptions.swift */ = {isa = PBXFileReference; lastKnownFileType = sourcecode.swift; path = Subscriptions.swift; sourceTree = "<group>"; };
		236DCE8D2C12B97300D6C610 /* TestConcurrencyClub.app */ = {isa = PBXFileReference; explicitFileType = wrapper.application; includeInIndex = 0; path = TestConcurrencyClub.app; sourceTree = BUILT_PRODUCTS_DIR; };
		236DCE902C12B97300D6C610 /* TestConcurrencyClubApp.swift */ = {isa = PBXFileReference; lastKnownFileType = sourcecode.swift; path = TestConcurrencyClubApp.swift; sourceTree = "<group>"; };
		236DCE922C12B97300D6C610 /* ContentView.swift */ = {isa = PBXFileReference; lastKnownFileType = sourcecode.swift; path = ContentView.swift; sourceTree = "<group>"; };
		236DCE942C12B97600D6C610 /* Assets.xcassets */ = {isa = PBXFileReference; lastKnownFileType = folder.assetcatalog; path = Assets.xcassets; sourceTree = "<group>"; };
		236DCE972C12B97600D6C610 /* Preview Assets.xcassets */ = {isa = PBXFileReference; lastKnownFileType = folder.assetcatalog; path = "Preview Assets.xcassets"; sourceTree = "<group>"; };
		236DCE9D2C12B97600D6C610 /* TestConcurrencyClubTests.xctest */ = {isa = PBXFileReference; explicitFileType = wrapper.cfbundle; includeInIndex = 0; path = TestConcurrencyClubTests.xctest; sourceTree = BUILT_PRODUCTS_DIR; };
		236DCEA12C12B97600D6C610 /* TestConcurrencyClubTests.swift */ = {isa = PBXFileReference; lastKnownFileType = sourcecode.swift; path = TestConcurrencyClubTests.swift; sourceTree = "<group>"; };
		236DCEA72C12B97600D6C610 /* TestConcurrencyClubUITests.xctest */ = {isa = PBXFileReference; explicitFileType = wrapper.cfbundle; includeInIndex = 0; path = TestConcurrencyClubUITests.xctest; sourceTree = BUILT_PRODUCTS_DIR; };
		236DCEAB2C12B97600D6C610 /* TestConcurrencyClubUITests.swift */ = {isa = PBXFileReference; lastKnownFileType = sourcecode.swift; path = TestConcurrencyClubUITests.swift; sourceTree = "<group>"; };
		236DCEAD2C12B97600D6C610 /* TestConcurrencyClubUITestsLaunchTests.swift */ = {isa = PBXFileReference; lastKnownFileType = sourcecode.swift; path = TestConcurrencyClubUITestsLaunchTests.swift; sourceTree = "<group>"; };
		2376FF7E2C2AB2AB002B30A7 /* Subscriptions-Not.swift */ = {isa = PBXFileReference; lastKnownFileType = sourcecode.swift; path = "Subscriptions-Not.swift"; sourceTree = "<group>"; };
/* End PBXFileReference section */

/* Begin PBXFrameworksBuildPhase section */
		236DCE8A2C12B97300D6C610 /* Frameworks */ = {
			isa = PBXFrameworksBuildPhase;
			buildActionMask = 2147483647;
			files = (
				23FE1D692C20ABE40023E5F3 /* ConcurrencyExtras in Frameworks */,
				23FE1D6B2C20ABE70023E5F3 /* AsyncAlgorithms in Frameworks */,
			);
			runOnlyForDeploymentPostprocessing = 0;
		};
		236DCE9A2C12B97600D6C610 /* Frameworks */ = {
			isa = PBXFrameworksBuildPhase;
			buildActionMask = 2147483647;
			files = (
				236CB0052C2BF00F00C81008 /* Clocks in Frameworks */,
			);
			runOnlyForDeploymentPostprocessing = 0;
		};
		236DCEA42C12B97600D6C610 /* Frameworks */ = {
			isa = PBXFrameworksBuildPhase;
			buildActionMask = 2147483647;
			files = (
			);
			runOnlyForDeploymentPostprocessing = 0;
		};
/* End PBXFrameworksBuildPhase section */

/* Begin PBXGroup section */
		236DCE842C12B97300D6C610 = {
			isa = PBXGroup;
			children = (
				236DCE8F2C12B97300D6C610 /* TestConcurrencyClub */,
				236DCEA02C12B97600D6C610 /* TestConcurrencyClubTests */,
				236DCEAA2C12B97600D6C610 /* TestConcurrencyClubUITests */,
				236DCE8E2C12B97300D6C610 /* Products */,
				23FE1D672C20ABE40023E5F3 /* Frameworks */,
			);
			sourceTree = "<group>";
		};
		236DCE8E2C12B97300D6C610 /* Products */ = {
			isa = PBXGroup;
			children = (
				236DCE8D2C12B97300D6C610 /* TestConcurrencyClub.app */,
				236DCE9D2C12B97600D6C610 /* TestConcurrencyClubTests.xctest */,
				236DCEA72C12B97600D6C610 /* TestConcurrencyClubUITests.xctest */,
			);
			name = Products;
			sourceTree = "<group>";
		};
		236DCE8F2C12B97300D6C610 /* TestConcurrencyClub */ = {
			isa = PBXGroup;
			children = (
				236DCE902C12B97300D6C610 /* TestConcurrencyClubApp.swift */,
				236DCE922C12B97300D6C610 /* ContentView.swift */,
				2347A73C2C209CA1004EB581 /* Subscriptions.swift */,
				2333447D2C215CE000F10645 /* Subscriptions-Stream.swift */,
				233344772C2158E000F10645 /* Subscriptions-Actor.swift */,
				233344792C2158ED00F10645 /* Subscriptions-Subject.swift */,
				2333447B2C2158F800F10645 /* Subscriptions-Published.swift */,
				2376FF7E2C2AB2AB002B30A7 /* Subscriptions-Not.swift */,
				231005032C2D8FAB008D9909 /* Subscriptions-NotifCenter.swift */,
				231005012C2D8CCF008D9909 /* NewDebouncer.swift */,
				236DCE942C12B97600D6C610 /* Assets.xcassets */,
				236DCE962C12B97600D6C610 /* Preview Content */,
			);
			path = TestConcurrencyClub;
			sourceTree = "<group>";
		};
		236DCE962C12B97600D6C610 /* Preview Content */ = {
			isa = PBXGroup;
			children = (
				236DCE972C12B97600D6C610 /* Preview Assets.xcassets */,
			);
			path = "Preview Content";
			sourceTree = "<group>";
		};
		236DCEA02C12B97600D6C610 /* TestConcurrencyClubTests */ = {
			isa = PBXGroup;
			children = (
				236DCEA12C12B97600D6C610 /* TestConcurrencyClubTests.swift */,
			);
			path = TestConcurrencyClubTests;
			sourceTree = "<group>";
		};
		236DCEAA2C12B97600D6C610 /* TestConcurrencyClubUITests */ = {
			isa = PBXGroup;
			children = (
				236DCEAB2C12B97600D6C610 /* TestConcurrencyClubUITests.swift */,
				236DCEAD2C12B97600D6C610 /* TestConcurrencyClubUITestsLaunchTests.swift */,
			);
			path = TestConcurrencyClubUITests;
			sourceTree = "<group>";
		};
		23FE1D672C20ABE40023E5F3 /* Frameworks */ = {
			isa = PBXGroup;
			children = (
			);
			name = Frameworks;
			sourceTree = "<group>";
		};
/* End PBXGroup section */

/* Begin PBXNativeTarget section */
		236DCE8C2C12B97300D6C610 /* TestConcurrencyClub */ = {
			isa = PBXNativeTarget;
			buildConfigurationList = 236DCEB12C12B97600D6C610 /* Build configuration list for PBXNativeTarget "TestConcurrencyClub" */;
			buildPhases = (
				236DCE892C12B97300D6C610 /* Sources */,
				236DCE8A2C12B97300D6C610 /* Frameworks */,
				236DCE8B2C12B97300D6C610 /* Resources */,
			);
			buildRules = (
			);
			dependencies = (
			);
			name = TestConcurrencyClub;
			packageProductDependencies = (
				23FE1D682C20ABE40023E5F3 /* ConcurrencyExtras */,
				23FE1D6A2C20ABE70023E5F3 /* AsyncAlgorithms */,
			);
			productName = TestConcurrencyClub;
			productReference = 236DCE8D2C12B97300D6C610 /* TestConcurrencyClub.app */;
			productType = "com.apple.product-type.application";
		};
		236DCE9C2C12B97600D6C610 /* TestConcurrencyClubTests */ = {
			isa = PBXNativeTarget;
			buildConfigurationList = 236DCEB42C12B97600D6C610 /* Build configuration list for PBXNativeTarget "TestConcurrencyClubTests" */;
			buildPhases = (
				236DCE992C12B97600D6C610 /* Sources */,
				236DCE9A2C12B97600D6C610 /* Frameworks */,
				236DCE9B2C12B97600D6C610 /* Resources */,
			);
			buildRules = (
			);
			dependencies = (
				236DCE9F2C12B97600D6C610 /* PBXTargetDependency */,
			);
			name = TestConcurrencyClubTests;
			packageProductDependencies = (
				236CB0042C2BF00F00C81008 /* Clocks */,
			);
			productName = TestConcurrencyClubTests;
			productReference = 236DCE9D2C12B97600D6C610 /* TestConcurrencyClubTests.xctest */;
			productType = "com.apple.product-type.bundle.unit-test";
		};
		236DCEA62C12B97600D6C610 /* TestConcurrencyClubUITests */ = {
			isa = PBXNativeTarget;
			buildConfigurationList = 236DCEB72C12B97600D6C610 /* Build configuration list for PBXNativeTarget "TestConcurrencyClubUITests" */;
			buildPhases = (
				236DCEA32C12B97600D6C610 /* Sources */,
				236DCEA42C12B97600D6C610 /* Frameworks */,
				236DCEA52C12B97600D6C610 /* Resources */,
			);
			buildRules = (
			);
			dependencies = (
				236DCEA92C12B97600D6C610 /* PBXTargetDependency */,
			);
			name = TestConcurrencyClubUITests;
			productName = TestConcurrencyClubUITests;
			productReference = 236DCEA72C12B97600D6C610 /* TestConcurrencyClubUITests.xctest */;
			productType = "com.apple.product-type.bundle.ui-testing";
		};
/* End PBXNativeTarget section */

/* Begin PBXProject section */
		236DCE852C12B97300D6C610 /* Project object */ = {
			isa = PBXProject;
			attributes = {
				BuildIndependentTargetsInParallel = 1;
				LastSwiftUpdateCheck = 1530;
				LastUpgradeCheck = 1530;
				TargetAttributes = {
					236DCE8C2C12B97300D6C610 = {
						CreatedOnToolsVersion = 15.3;
					};
					236DCE9C2C12B97600D6C610 = {
						CreatedOnToolsVersion = 15.3;
						TestTargetID = 236DCE8C2C12B97300D6C610;
					};
					236DCEA62C12B97600D6C610 = {
						CreatedOnToolsVersion = 15.3;
						TestTargetID = 236DCE8C2C12B97300D6C610;
					};
				};
			};
			buildConfigurationList = 236DCE882C12B97300D6C610 /* Build configuration list for PBXProject "TestConcurrencyClub" */;
			compatibilityVersion = "Xcode 14.0";
			developmentRegion = en;
			hasScannedForEncodings = 0;
			knownRegions = (
				en,
				Base,
			);
			mainGroup = 236DCE842C12B97300D6C610;
			packageReferences = (
				236DCEBA2C12BF5400D6C610 /* XCRemoteSwiftPackageReference "swift-async-algorithms" */,
				23FE1D662C20ABC70023E5F3 /* XCRemoteSwiftPackageReference "swift-concurrency-extras" */,
				236CB0012C2BEFFC00C81008 /* XCRemoteSwiftPackageReference "swift-clocks" */,
			);
			productRefGroup = 236DCE8E2C12B97300D6C610 /* Products */;
			projectDirPath = "";
			projectRoot = "";
			targets = (
				236DCE8C2C12B97300D6C610 /* TestConcurrencyClub */,
				236DCE9C2C12B97600D6C610 /* TestConcurrencyClubTests */,
				236DCEA62C12B97600D6C610 /* TestConcurrencyClubUITests */,
			);
		};
/* End PBXProject section */

/* Begin PBXResourcesBuildPhase section */
		236DCE8B2C12B97300D6C610 /* Resources */ = {
			isa = PBXResourcesBuildPhase;
			buildActionMask = 2147483647;
			files = (
				236DCE982C12B97600D6C610 /* Preview Assets.xcassets in Resources */,
				236DCE952C12B97600D6C610 /* Assets.xcassets in Resources */,
			);
			runOnlyForDeploymentPostprocessing = 0;
		};
		236DCE9B2C12B97600D6C610 /* Resources */ = {
			isa = PBXResourcesBuildPhase;
			buildActionMask = 2147483647;
			files = (
			);
			runOnlyForDeploymentPostprocessing = 0;
		};
		236DCEA52C12B97600D6C610 /* Resources */ = {
			isa = PBXResourcesBuildPhase;
			buildActionMask = 2147483647;
			files = (
			);
			runOnlyForDeploymentPostprocessing = 0;
		};
/* End PBXResourcesBuildPhase section */

/* Begin PBXSourcesBuildPhase section */
		236DCE892C12B97300D6C610 /* Sources */ = {
			isa = PBXSourcesBuildPhase;
			buildActionMask = 2147483647;
			files = (
				231005042C2D8FB2008D9909 /* Subscriptions-NotifCenter.swift in Sources */,
				2347A73D2C209CA1004EB581 /* Subscriptions.swift in Sources */,
				2376FF7F2C2AB2AB002B30A7 /* Subscriptions-Not.swift in Sources */,
				231005022C2D8CD3008D9909 /* NewDebouncer.swift in Sources */,
				2333447C2C2158F800F10645 /* Subscriptions-Published.swift in Sources */,
				236DCE932C12B97300D6C610 /* ContentView.swift in Sources */,
				2333447E2C215CE000F10645 /* Subscriptions-Stream.swift in Sources */,
				233344782C2158E000F10645 /* Subscriptions-Actor.swift in Sources */,
				236DCE912C12B97300D6C610 /* TestConcurrencyClubApp.swift in Sources */,
				2333447A2C2158ED00F10645 /* Subscriptions-Subject.swift in Sources */,
			);
			runOnlyForDeploymentPostprocessing = 0;
		};
		236DCE992C12B97600D6C610 /* Sources */ = {
			isa = PBXSourcesBuildPhase;
			buildActionMask = 2147483647;
			files = (
				236DCEA22C12B97600D6C610 /* TestConcurrencyClubTests.swift in Sources */,
			);
			runOnlyForDeploymentPostprocessing = 0;
		};
		236DCEA32C12B97600D6C610 /* Sources */ = {
			isa = PBXSourcesBuildPhase;
			buildActionMask = 2147483647;
			files = (
				236DCEAE2C12B97600D6C610 /* TestConcurrencyClubUITestsLaunchTests.swift in Sources */,
				236DCEAC2C12B97600D6C610 /* TestConcurrencyClubUITests.swift in Sources */,
			);
			runOnlyForDeploymentPostprocessing = 0;
		};
/* End PBXSourcesBuildPhase section */

/* Begin PBXTargetDependency section */
		236DCE9F2C12B97600D6C610 /* PBXTargetDependency */ = {
			isa = PBXTargetDependency;
			target = 236DCE8C2C12B97300D6C610 /* TestConcurrencyClub */;
			targetProxy = 236DCE9E2C12B97600D6C610 /* PBXContainerItemProxy */;
		};
		236DCEA92C12B97600D6C610 /* PBXTargetDependency */ = {
			isa = PBXTargetDependency;
			target = 236DCE8C2C12B97300D6C610 /* TestConcurrencyClub */;
			targetProxy = 236DCEA82C12B97600D6C610 /* PBXContainerItemProxy */;
		};
/* End PBXTargetDependency section */

/* Begin XCBuildConfiguration section */
		236DCEAF2C12B97600D6C610 /* Debug */ = {
			isa = XCBuildConfiguration;
			buildSettings = {
				ALWAYS_SEARCH_USER_PATHS = NO;
				ASSETCATALOG_COMPILER_GENERATE_SWIFT_ASSET_SYMBOL_EXTENSIONS = YES;
				CLANG_ANALYZER_NONNULL = YES;
				CLANG_ANALYZER_NUMBER_OBJECT_CONVERSION = YES_AGGRESSIVE;
				CLANG_CXX_LANGUAGE_STANDARD = "gnu++20";
				CLANG_ENABLE_MODULES = YES;
				CLANG_ENABLE_OBJC_ARC = YES;
				CLANG_ENABLE_OBJC_WEAK = YES;
				CLANG_WARN_BLOCK_CAPTURE_AUTORELEASING = YES;
				CLANG_WARN_BOOL_CONVERSION = YES;
				CLANG_WARN_COMMA = YES;
				CLANG_WARN_CONSTANT_CONVERSION = YES;
				CLANG_WARN_DEPRECATED_OBJC_IMPLEMENTATIONS = YES;
				CLANG_WARN_DIRECT_OBJC_ISA_USAGE = YES_ERROR;
				CLANG_WARN_DOCUMENTATION_COMMENTS = YES;
				CLANG_WARN_EMPTY_BODY = YES;
				CLANG_WARN_ENUM_CONVERSION = YES;
				CLANG_WARN_INFINITE_RECURSION = YES;
				CLANG_WARN_INT_CONVERSION = YES;
				CLANG_WARN_NON_LITERAL_NULL_CONVERSION = YES;
				CLANG_WARN_OBJC_IMPLICIT_RETAIN_SELF = YES;
				CLANG_WARN_OBJC_LITERAL_CONVERSION = YES;
				CLANG_WARN_OBJC_ROOT_CLASS = YES_ERROR;
				CLANG_WARN_QUOTED_INCLUDE_IN_FRAMEWORK_HEADER = YES;
				CLANG_WARN_RANGE_LOOP_ANALYSIS = YES;
				CLANG_WARN_STRICT_PROTOTYPES = YES;
				CLANG_WARN_SUSPICIOUS_MOVE = YES;
				CLANG_WARN_UNGUARDED_AVAILABILITY = YES_AGGRESSIVE;
				CLANG_WARN_UNREACHABLE_CODE = YES;
				CLANG_WARN__DUPLICATE_METHOD_MATCH = YES;
				COPY_PHASE_STRIP = NO;
				DEBUG_INFORMATION_FORMAT = dwarf;
				ENABLE_STRICT_OBJC_MSGSEND = YES;
				ENABLE_TESTABILITY = YES;
				ENABLE_USER_SCRIPT_SANDBOXING = YES;
				GCC_C_LANGUAGE_STANDARD = gnu17;
				GCC_DYNAMIC_NO_PIC = NO;
				GCC_NO_COMMON_BLOCKS = YES;
				GCC_OPTIMIZATION_LEVEL = 0;
				GCC_PREPROCESSOR_DEFINITIONS = (
					"DEBUG=1",
					"$(inherited)",
				);
				GCC_WARN_64_TO_32_BIT_CONVERSION = YES;
				GCC_WARN_ABOUT_RETURN_TYPE = YES_ERROR;
				GCC_WARN_UNDECLARED_SELECTOR = YES;
				GCC_WARN_UNINITIALIZED_AUTOS = YES_AGGRESSIVE;
				GCC_WARN_UNUSED_FUNCTION = YES;
				GCC_WARN_UNUSED_VARIABLE = YES;
				IPHONEOS_DEPLOYMENT_TARGET = 17.4;
				LOCALIZATION_PREFERS_STRING_CATALOGS = YES;
				MTL_ENABLE_DEBUG_INFO = INCLUDE_SOURCE;
				MTL_FAST_MATH = YES;
				ONLY_ACTIVE_ARCH = YES;
				SDKROOT = iphoneos;
				SWIFT_ACTIVE_COMPILATION_CONDITIONS = "DEBUG $(inherited)";
				SWIFT_OPTIMIZATION_LEVEL = "-Onone";
				SWIFT_STRICT_CONCURRENCY = complete;
				SWIFT_VERSION = 6.0;
			};
			name = Debug;
		};
		236DCEB02C12B97600D6C610 /* Release */ = {
			isa = XCBuildConfiguration;
			buildSettings = {
				ALWAYS_SEARCH_USER_PATHS = NO;
				ASSETCATALOG_COMPILER_GENERATE_SWIFT_ASSET_SYMBOL_EXTENSIONS = YES;
				CLANG_ANALYZER_NONNULL = YES;
				CLANG_ANALYZER_NUMBER_OBJECT_CONVERSION = YES_AGGRESSIVE;
				CLANG_CXX_LANGUAGE_STANDARD = "gnu++20";
				CLANG_ENABLE_MODULES = YES;
				CLANG_ENABLE_OBJC_ARC = YES;
				CLANG_ENABLE_OBJC_WEAK = YES;
				CLANG_WARN_BLOCK_CAPTURE_AUTORELEASING = YES;
				CLANG_WARN_BOOL_CONVERSION = YES;
				CLANG_WARN_COMMA = YES;
				CLANG_WARN_CONSTANT_CONVERSION = YES;
				CLANG_WARN_DEPRECATED_OBJC_IMPLEMENTATIONS = YES;
				CLANG_WARN_DIRECT_OBJC_ISA_USAGE = YES_ERROR;
				CLANG_WARN_DOCUMENTATION_COMMENTS = YES;
				CLANG_WARN_EMPTY_BODY = YES;
				CLANG_WARN_ENUM_CONVERSION = YES;
				CLANG_WARN_INFINITE_RECURSION = YES;
				CLANG_WARN_INT_CONVERSION = YES;
				CLANG_WARN_NON_LITERAL_NULL_CONVERSION = YES;
				CLANG_WARN_OBJC_IMPLICIT_RETAIN_SELF = YES;
				CLANG_WARN_OBJC_LITERAL_CONVERSION = YES;
				CLANG_WARN_OBJC_ROOT_CLASS = YES_ERROR;
				CLANG_WARN_QUOTED_INCLUDE_IN_FRAMEWORK_HEADER = YES;
				CLANG_WARN_RANGE_LOOP_ANALYSIS = YES;
				CLANG_WARN_STRICT_PROTOTYPES = YES;
				CLANG_WARN_SUSPICIOUS_MOVE = YES;
				CLANG_WARN_UNGUARDED_AVAILABILITY = YES_AGGRESSIVE;
				CLANG_WARN_UNREACHABLE_CODE = YES;
				CLANG_WARN__DUPLICATE_METHOD_MATCH = YES;
				COPY_PHASE_STRIP = NO;
				DEBUG_INFORMATION_FORMAT = "dwarf-with-dsym";
				ENABLE_NS_ASSERTIONS = NO;
				ENABLE_STRICT_OBJC_MSGSEND = YES;
				ENABLE_USER_SCRIPT_SANDBOXING = YES;
				GCC_C_LANGUAGE_STANDARD = gnu17;
				GCC_NO_COMMON_BLOCKS = YES;
				GCC_WARN_64_TO_32_BIT_CONVERSION = YES;
				GCC_WARN_ABOUT_RETURN_TYPE = YES_ERROR;
				GCC_WARN_UNDECLARED_SELECTOR = YES;
				GCC_WARN_UNINITIALIZED_AUTOS = YES_AGGRESSIVE;
				GCC_WARN_UNUSED_FUNCTION = YES;
				GCC_WARN_UNUSED_VARIABLE = YES;
				IPHONEOS_DEPLOYMENT_TARGET = 17.4;
				LOCALIZATION_PREFERS_STRING_CATALOGS = YES;
				MTL_ENABLE_DEBUG_INFO = NO;
				MTL_FAST_MATH = YES;
				SDKROOT = iphoneos;
				SWIFT_COMPILATION_MODE = wholemodule;
				SWIFT_STRICT_CONCURRENCY = complete;
				SWIFT_VERSION = 6.0;
				VALIDATE_PRODUCT = YES;
			};
			name = Release;
		};
		236DCEB22C12B97600D6C610 /* Debug */ = {
			isa = XCBuildConfiguration;
			buildSettings = {
				ASSETCATALOG_COMPILER_APPICON_NAME = AppIcon;
				ASSETCATALOG_COMPILER_GLOBAL_ACCENT_COLOR_NAME = AccentColor;
				CODE_SIGN_STYLE = Automatic;
				CURRENT_PROJECT_VERSION = 1;
				DEVELOPMENT_ASSET_PATHS = "\"TestConcurrencyClub/Preview Content\"";
				DEVELOPMENT_TEAM = M8VJPZ5S46;
				ENABLE_PREVIEWS = YES;
				GENERATE_INFOPLIST_FILE = YES;
				INFOPLIST_KEY_UIApplicationSceneManifest_Generation = YES;
				INFOPLIST_KEY_UIApplicationSupportsIndirectInputEvents = YES;
				INFOPLIST_KEY_UILaunchScreen_Generation = YES;
				INFOPLIST_KEY_UISupportedInterfaceOrientations_iPad = "UIInterfaceOrientationPortrait UIInterfaceOrientationPortraitUpsideDown UIInterfaceOrientationLandscapeLeft UIInterfaceOrientationLandscapeRight";
				INFOPLIST_KEY_UISupportedInterfaceOrientations_iPhone = "UIInterfaceOrientationPortrait UIInterfaceOrientationLandscapeLeft UIInterfaceOrientationLandscapeRight";
				IPHONEOS_DEPLOYMENT_TARGET = 18.0;
				LD_RUNPATH_SEARCH_PATHS = (
					"$(inherited)",
					"@executable_path/Frameworks",
				);
				MARKETING_VERSION = 1.0;
				OTHER_SWIFT_FLAGS = "-enable-experimental-feature IsolatedAny";
				PRODUCT_BUNDLE_IDENTIFIER = com.agpone.TestConcurrencyClub;
				PRODUCT_NAME = "$(TARGET_NAME)";
				SWIFT_EMIT_LOC_STRINGS = YES;
				TARGETED_DEVICE_FAMILY = "1,2";
			};
			name = Debug;
		};
		236DCEB32C12B97600D6C610 /* Release */ = {
			isa = XCBuildConfiguration;
			buildSettings = {
				ASSETCATALOG_COMPILER_APPICON_NAME = AppIcon;
				ASSETCATALOG_COMPILER_GLOBAL_ACCENT_COLOR_NAME = AccentColor;
				CODE_SIGN_STYLE = Automatic;
				CURRENT_PROJECT_VERSION = 1;
				DEVELOPMENT_ASSET_PATHS = "\"TestConcurrencyClub/Preview Content\"";
				DEVELOPMENT_TEAM = M8VJPZ5S46;
				ENABLE_PREVIEWS = YES;
				GENERATE_INFOPLIST_FILE = YES;
				INFOPLIST_KEY_UIApplicationSceneManifest_Generation = YES;
				INFOPLIST_KEY_UIApplicationSupportsIndirectInputEvents = YES;
				INFOPLIST_KEY_UILaunchScreen_Generation = YES;
				INFOPLIST_KEY_UISupportedInterfaceOrientations_iPad = "UIInterfaceOrientationPortrait UIInterfaceOrientationPortraitUpsideDown UIInterfaceOrientationLandscapeLeft UIInterfaceOrientationLandscapeRight";
				INFOPLIST_KEY_UISupportedInterfaceOrientations_iPhone = "UIInterfaceOrientationPortrait UIInterfaceOrientationLandscapeLeft UIInterfaceOrientationLandscapeRight";
				IPHONEOS_DEPLOYMENT_TARGET = 18.0;
				LD_RUNPATH_SEARCH_PATHS = (
					"$(inherited)",
					"@executable_path/Frameworks",
				);
				MARKETING_VERSION = 1.0;
				OTHER_SWIFT_FLAGS = "-enable-experimental-feature IsolatedAny";
				PRODUCT_BUNDLE_IDENTIFIER = com.agpone.TestConcurrencyClub;
				PRODUCT_NAME = "$(TARGET_NAME)";
				SWIFT_EMIT_LOC_STRINGS = YES;
				TARGETED_DEVICE_FAMILY = "1,2";
			};
			name = Release;
		};
		236DCEB52C12B97600D6C610 /* Debug */ = {
			isa = XCBuildConfiguration;
			buildSettings = {
				ALWAYS_EMBED_SWIFT_STANDARD_LIBRARIES = YES;
				BUNDLE_LOADER = "$(TEST_HOST)";
				CODE_SIGN_STYLE = Automatic;
				CURRENT_PROJECT_VERSION = 1;
				DEVELOPMENT_TEAM = M8VJPZ5S46;
				GENERATE_INFOPLIST_FILE = YES;
				IPHONEOS_DEPLOYMENT_TARGET = 17.4;
				MARKETING_VERSION = 1.0;
				PRODUCT_BUNDLE_IDENTIFIER = com.agpone.TestConcurrencyClubTests;
				PRODUCT_NAME = "$(TARGET_NAME)";
				SWIFT_EMIT_LOC_STRINGS = NO;
				TARGETED_DEVICE_FAMILY = "1,2";
				TEST_HOST = "$(BUILT_PRODUCTS_DIR)/TestConcurrencyClub.app/$(BUNDLE_EXECUTABLE_FOLDER_PATH)/TestConcurrencyClub";
			};
			name = Debug;
		};
		236DCEB62C12B97600D6C610 /* Release */ = {
			isa = XCBuildConfiguration;
			buildSettings = {
				ALWAYS_EMBED_SWIFT_STANDARD_LIBRARIES = YES;
				BUNDLE_LOADER = "$(TEST_HOST)";
				CODE_SIGN_STYLE = Automatic;
				CURRENT_PROJECT_VERSION = 1;
				DEVELOPMENT_TEAM = M8VJPZ5S46;
				GENERATE_INFOPLIST_FILE = YES;
				IPHONEOS_DEPLOYMENT_TARGET = 17.4;
				MARKETING_VERSION = 1.0;
				PRODUCT_BUNDLE_IDENTIFIER = com.agpone.TestConcurrencyClubTests;
				PRODUCT_NAME = "$(TARGET_NAME)";
				SWIFT_EMIT_LOC_STRINGS = NO;
				TARGETED_DEVICE_FAMILY = "1,2";
				TEST_HOST = "$(BUILT_PRODUCTS_DIR)/TestConcurrencyClub.app/$(BUNDLE_EXECUTABLE_FOLDER_PATH)/TestConcurrencyClub";
			};
			name = Release;
		};
		236DCEB82C12B97600D6C610 /* Debug */ = {
			isa = XCBuildConfiguration;
			buildSettings = {
				ALWAYS_EMBED_SWIFT_STANDARD_LIBRARIES = YES;
				CODE_SIGN_STYLE = Automatic;
				CURRENT_PROJECT_VERSION = 1;
				DEVELOPMENT_TEAM = M8VJPZ5S46;
				GENERATE_INFOPLIST_FILE = YES;
				MARKETING_VERSION = 1.0;
				PRODUCT_BUNDLE_IDENTIFIER = com.agpone.TestConcurrencyClubUITests;
				PRODUCT_NAME = "$(TARGET_NAME)";
				SWIFT_EMIT_LOC_STRINGS = NO;
				TARGETED_DEVICE_FAMILY = "1,2";
				TEST_TARGET_NAME = TestConcurrencyClub;
			};
			name = Debug;
		};
		236DCEB92C12B97600D6C610 /* Release */ = {
			isa = XCBuildConfiguration;
			buildSettings = {
				ALWAYS_EMBED_SWIFT_STANDARD_LIBRARIES = YES;
				CODE_SIGN_STYLE = Automatic;
				CURRENT_PROJECT_VERSION = 1;
				DEVELOPMENT_TEAM = M8VJPZ5S46;
				GENERATE_INFOPLIST_FILE = YES;
				MARKETING_VERSION = 1.0;
				PRODUCT_BUNDLE_IDENTIFIER = com.agpone.TestConcurrencyClubUITests;
				PRODUCT_NAME = "$(TARGET_NAME)";
				SWIFT_EMIT_LOC_STRINGS = NO;
				TARGETED_DEVICE_FAMILY = "1,2";
				TEST_TARGET_NAME = TestConcurrencyClub;
			};
			name = Release;
		};
/* End XCBuildConfiguration section */

/* Begin XCConfigurationList section */
		236DCE882C12B97300D6C610 /* Build configuration list for PBXProject "TestConcurrencyClub" */ = {
			isa = XCConfigurationList;
			buildConfigurations = (
				236DCEAF2C12B97600D6C610 /* Debug */,
				236DCEB02C12B97600D6C610 /* Release */,
			);
			defaultConfigurationIsVisible = 0;
			defaultConfigurationName = Release;
		};
		236DCEB12C12B97600D6C610 /* Build configuration list for PBXNativeTarget "TestConcurrencyClub" */ = {
			isa = XCConfigurationList;
			buildConfigurations = (
				236DCEB22C12B97600D6C610 /* Debug */,
				236DCEB32C12B97600D6C610 /* Release */,
			);
			defaultConfigurationIsVisible = 0;
			defaultConfigurationName = Release;
		};
		236DCEB42C12B97600D6C610 /* Build configuration list for PBXNativeTarget "TestConcurrencyClubTests" */ = {
			isa = XCConfigurationList;
			buildConfigurations = (
				236DCEB52C12B97600D6C610 /* Debug */,
				236DCEB62C12B97600D6C610 /* Release */,
			);
			defaultConfigurationIsVisible = 0;
			defaultConfigurationName = Release;
		};
		236DCEB72C12B97600D6C610 /* Build configuration list for PBXNativeTarget "TestConcurrencyClubUITests" */ = {
			isa = XCConfigurationList;
			buildConfigurations = (
				236DCEB82C12B97600D6C610 /* Debug */,
				236DCEB92C12B97600D6C610 /* Release */,
			);
			defaultConfigurationIsVisible = 0;
			defaultConfigurationName = Release;
		};
/* End XCConfigurationList section */

/* Begin XCRemoteSwiftPackageReference section */
		236CB0012C2BEFFC00C81008 /* XCRemoteSwiftPackageReference "swift-clocks" */ = {
			isa = XCRemoteSwiftPackageReference;
			repositoryURL = "https://github.com/pointfreeco/swift-clocks.git";
			requirement = {
				kind = upToNextMajorVersion;
				minimumVersion = 1.0.2;
			};
		};
		236DCEBA2C12BF5400D6C610 /* XCRemoteSwiftPackageReference "swift-async-algorithms" */ = {
			isa = XCRemoteSwiftPackageReference;
			repositoryURL = "https://github.com/apple/swift-async-algorithms.git";
			requirement = {
				kind = upToNextMajorVersion;
				minimumVersion = 1.0.0;
			};
		};
		23FE1D662C20ABC70023E5F3 /* XCRemoteSwiftPackageReference "swift-concurrency-extras" */ = {
			isa = XCRemoteSwiftPackageReference;
			repositoryURL = "https://github.com/pointfreeco/swift-concurrency-extras.git";
			requirement = {
				kind = upToNextMajorVersion;
				minimumVersion = 1.1.0;
			};
		};
/* End XCRemoteSwiftPackageReference section */

/* Begin XCSwiftPackageProductDependency section */
		236CB0042C2BF00F00C81008 /* Clocks */ = {
			isa = XCSwiftPackageProductDependency;
			package = 236CB0012C2BEFFC00C81008 /* XCRemoteSwiftPackageReference "swift-clocks" */;
			productName = Clocks;
		};
		23FE1D682C20ABE40023E5F3 /* ConcurrencyExtras */ = {
			isa = XCSwiftPackageProductDependency;
			package = 23FE1D662C20ABC70023E5F3 /* XCRemoteSwiftPackageReference "swift-concurrency-extras" */;
			productName = ConcurrencyExtras;
		};
		23FE1D6A2C20ABE70023E5F3 /* AsyncAlgorithms */ = {
			isa = XCSwiftPackageProductDependency;
			package = 236DCEBA2C12BF5400D6C610 /* XCRemoteSwiftPackageReference "swift-async-algorithms" */;
			productName = AsyncAlgorithms;
		};
/* End XCSwiftPackageProductDependency section */
	};
	rootObject = 236DCE852C12B97300D6C610 /* Project object */;
}
